// !$*UTF8*$!
{
	archiveVersion = 1;
	classes = {
	};
	objectVersion = 46;
	objects = {

/* Begin PBXBuildFile section */
		4D781245A38342B788C896A8 /* libPods.a in Frameworks */ = {isa = PBXBuildFile; fileRef = B5EEC38CCBFC4FB2A9C5D058 /* libPods.a */; };
		6821629A193FCE8300EE466F /* Images.xcassets in Resources */ = {isa = PBXBuildFile; fileRef = 68216299193FCE8300EE466F /* Images.xcassets */; };
		682162A0193FD72100EE466F /* dmMenuViewController.m in Sources */ = {isa = PBXBuildFile; fileRef = 6821629F193FD72100EE466F /* dmMenuViewController.m */; };
		682162A4193FDC5200EE466F /* dmZoomAnimationController.m in Sources */ = {isa = PBXBuildFile; fileRef = 682162A3193FDC5200EE466F /* dmZoomAnimationController.m */; };
		682162A8194114A700EE466F /* dmFavouritesViewController.m in Sources */ = {isa = PBXBuildFile; fileRef = 682162A7194114A700EE466F /* dmFavouritesViewController.m */; };
		682162B21943AE6D00EE466F /* dmFirstScreenViewController.m in Sources */ = {isa = PBXBuildFile; fileRef = 682162B01943AE6D00EE466F /* dmFirstScreenViewController.m */; };
		682162B31943AE6D00EE466F /* dmFirstScreenViewController.xib in Resources */ = {isa = PBXBuildFile; fileRef = 682162B11943AE6D00EE466F /* dmFirstScreenViewController.xib */; };
		682162B71944DD2B00EE466F /* dmEventsTableViewController.m in Sources */ = {isa = PBXBuildFile; fileRef = 682162B61944DD2B00EE466F /* dmEventsTableViewController.m */; };
		682162C11944F1A300EE466F /* dmModelController.m in Sources */ = {isa = PBXBuildFile; fileRef = 682162C01944F1A300EE466F /* dmModelController.m */; };
		6837D1C119280A2D00CE4928 /* dmEventView.m in Sources */ = {isa = PBXBuildFile; fileRef = 6837D1C019280A2D00CE4928 /* dmEventView.m */; };
		6837D1C419294DAA00CE4928 /* dmLiveEventsTableViewController.m in Sources */ = {isa = PBXBuildFile; fileRef = 6837D1C319294DAA00CE4928 /* dmLiveEventsTableViewController.m */; };
		6838101618F9FC170019A61D /* Foundation.framework in Frameworks */ = {isa = PBXBuildFile; fileRef = 6838101518F9FC170019A61D /* Foundation.framework */; };
		6838101818F9FC170019A61D /* CoreGraphics.framework in Frameworks */ = {isa = PBXBuildFile; fileRef = 6838101718F9FC170019A61D /* CoreGraphics.framework */; };
		6838101A18F9FC170019A61D /* UIKit.framework in Frameworks */ = {isa = PBXBuildFile; fileRef = 6838101918F9FC170019A61D /* UIKit.framework */; };
		6838102218F9FC170019A61D /* main.m in Sources */ = {isa = PBXBuildFile; fileRef = 6838102118F9FC170019A61D /* main.m */; };
		6838102618F9FC170019A61D /* dmAppDelegate.m in Sources */ = {isa = PBXBuildFile; fileRef = 6838102518F9FC170019A61D /* dmAppDelegate.m */; };
		6838102918F9FC170019A61D /* Main.storyboard in Resources */ = {isa = PBXBuildFile; fileRef = 6838102718F9FC170019A61D /* Main.storyboard */; };
		6838103818F9FC170019A61D /* XCTest.framework in Frameworks */ = {isa = PBXBuildFile; fileRef = 6838103718F9FC170019A61D /* XCTest.framework */; };
		6838103918F9FC170019A61D /* Foundation.framework in Frameworks */ = {isa = PBXBuildFile; fileRef = 6838101518F9FC170019A61D /* Foundation.framework */; };
		6838103A18F9FC170019A61D /* UIKit.framework in Frameworks */ = {isa = PBXBuildFile; fileRef = 6838101918F9FC170019A61D /* UIKit.framework */; };
		6838104418F9FC170019A61D /* VocxodTests.m in Sources */ = {isa = PBXBuildFile; fileRef = 6838104318F9FC170019A61D /* VocxodTests.m */; };
		6838105918FA9E950019A61D /* Tournaments.xcdatamodeld in Sources */ = {isa = PBXBuildFile; fileRef = 6838105718FA9E950019A61D /* Tournaments.xcdatamodeld */; };
		6838105C18FB247B0019A61D /* dmSport.m in Sources */ = {isa = PBXBuildFile; fileRef = 6838105B18FB247B0019A61D /* dmSport.m */; };
		6838106018FB26950019A61D /* dmAppAPIClient.m in Sources */ = {isa = PBXBuildFile; fileRef = 6838105F18FB26950019A61D /* dmAppAPIClient.m */; };
		6838106318FB3B150019A61D /* dmMainViewController.m in Sources */ = {isa = PBXBuildFile; fileRef = 6838106218FB3B150019A61D /* dmMainViewController.m */; };
		6838107018FB41E00019A61D /* dmLineTableViewController.m in Sources */ = {isa = PBXBuildFile; fileRef = 6838106F18FB41E00019A61D /* dmLineTableViewController.m */; };
		6838107418FB45050019A61D /* dmTournament.m in Sources */ = {isa = PBXBuildFile; fileRef = 6838107318FB45050019A61D /* dmTournament.m */; };
		6838107718FBC1BD0019A61D /* dmLiveTableViewController.m in Sources */ = {isa = PBXBuildFile; fileRef = 6838107618FBC1BD0019A61D /* dmLiveTableViewController.m */; };
		685A62CD19279E3900EE67EF /* dmLineEventsTableViewController.m in Sources */ = {isa = PBXBuildFile; fileRef = 685A62CC19279E3900EE67EF /* dmLineEventsTableViewController.m */; };
		685A62D0192802F900EE67EF /* dmLineEventViewController.m in Sources */ = {isa = PBXBuildFile; fileRef = 685A62CF192802F900EE67EF /* dmLineEventViewController.m */; };
		6882F02F193FAFA60049BE28 /* dmUserSettings.m in Sources */ = {isa = PBXBuildFile; fileRef = 6882F02E193FAFA60049BE28 /* dmUserSettings.m */; };
		6885C69F19367C29003243DD /* dmCouponSingleViewCell.m in Sources */ = {isa = PBXBuildFile; fileRef = 6885C69D19367C29003243DD /* dmCouponSingleViewCell.m */; };
		6885C6A019367C29003243DD /* dmCouponSingleViewCell.xib in Resources */ = {isa = PBXBuildFile; fileRef = 6885C69E19367C29003243DD /* dmCouponSingleViewCell.xib */; };
		688F496E19391D0300A1428E /* dmCouponMultiViewCell.m in Sources */ = {isa = PBXBuildFile; fileRef = 688F496C19391D0300A1428E /* dmCouponMultiViewCell.m */; };
		688F496F19391D0300A1428E /* dmCouponMultiViewCell.xib in Resources */ = {isa = PBXBuildFile; fileRef = 688F496D19391D0300A1428E /* dmCouponMultiViewCell.xib */; };
		68B8C53C1931F6740005011D /* Coefficient.m in Sources */ = {isa = PBXBuildFile; fileRef = 68B8C53B1931F6740005011D /* Coefficient.m */; };
		68B8C545193215E70005011D /* Localizable.strings in Resources */ = {isa = PBXBuildFile; fileRef = 68B8C547193215E70005011D /* Localizable.strings */; };
		68B8C54E19329A280005011D /* Bet.m in Sources */ = {isa = PBXBuildFile; fileRef = 68B8C54D19329A280005011D /* Bet.m */; };
		68B8C55119329CE80005011D /* dmCoupon.m in Sources */ = {isa = PBXBuildFile; fileRef = 68B8C55019329CE80005011D /* dmCoupon.m */; };
		68C00CE419450FB100D1310B /* dmLiveEventsTableViewCell.m in Sources */ = {isa = PBXBuildFile; fileRef = 68C00CE219450FB100D1310B /* dmLiveEventsTableViewCell.m */; };
		68C00CE519450FB100D1310B /* dmLiveEventsTableViewCell.xib in Resources */ = {isa = PBXBuildFile; fileRef = 68C00CE319450FB100D1310B /* dmLiveEventsTableViewCell.xib */; };
		68C00CE919450FD500D1310B /* dmLineEventsTableViewCell.m in Sources */ = {isa = PBXBuildFile; fileRef = 68C00CE719450FD500D1310B /* dmLineEventsTableViewCell.m */; };
		68C00CEA19450FD500D1310B /* dmLineEventsTableViewCell.xib in Resources */ = {isa = PBXBuildFile; fileRef = 68C00CE819450FD500D1310B /* dmLineEventsTableViewCell.xib */; };
		68C00CEE194634C800D1310B /* dmTournamentsTableViewController.m in Sources */ = {isa = PBXBuildFile; fileRef = 68C00CED194634C800D1310B /* dmTournamentsTableViewController.m */; };
		68EE4363193A065400AD22A8 /* dmCouponItemViewController.m in Sources */ = {isa = PBXBuildFile; fileRef = 68EE4361193A065400AD22A8 /* dmCouponItemViewController.m */; };
		68EE4364193A065400AD22A8 /* dmCouponItemViewController.xib in Resources */ = {isa = PBXBuildFile; fileRef = 68EE4362193A065400AD22A8 /* dmCouponItemViewController.xib */; };
		9B2D9F151934B4AF006835F4 /* dmMainSettings.m in Sources */ = {isa = PBXBuildFile; fileRef = 9B2D9F141934B4AF006835F4 /* dmMainSettings.m */; };
		9B35F3D1192CE795004135C8 /* dmLiveEventViewController.m in Sources */ = {isa = PBXBuildFile; fileRef = 9B35F3D0192CE795004135C8 /* dmLiveEventViewController.m */; };
		9B35F3F1192DFD78004135C8 /* dmCoefficientView.m in Sources */ = {isa = PBXBuildFile; fileRef = 9B35F3F0192DFD78004135C8 /* dmCoefficientView.m */; };
		9B35F3F4192E2A31004135C8 /* dmMainCoefficientsView.m in Sources */ = {isa = PBXBuildFile; fileRef = 9B35F3F3192E2A31004135C8 /* dmMainCoefficientsView.m */; };
		9B35F3F7192F3B5D004135C8 /* dmOutcomesController.m in Sources */ = {isa = PBXBuildFile; fileRef = 9B35F3F6192F3B5D004135C8 /* dmOutcomesController.m */; };
		9B74BDD818FBF98100D884C0 /* dmEventTableViewCell.m in Sources */ = {isa = PBXBuildFile; fileRef = 9B74BDD718FBF98100D884C0 /* dmEventTableViewCell.m */; };
		9BE3493D19212429003D1D72 /* dmSportController.m in Sources */ = {isa = PBXBuildFile; fileRef = 9BE3493C19212429003D1D72 /* dmSportController.m */; };
		9BE34999192384FF003D1D72 /* MBProgressHUD.m in Sources */ = {isa = PBXBuildFile; fileRef = 9BE34998192384FF003D1D72 /* MBProgressHUD.m */; };
		9BE349A21925215F003D1D72 /* dmTournamentTableViewCell.m in Sources */ = {isa = PBXBuildFile; fileRef = 9BE349A11925215F003D1D72 /* dmTournamentTableViewCell.m */; };
		9BE349A519260BF7003D1D72 /* Event.m in Sources */ = {isa = PBXBuildFile; fileRef = 9BE349A419260BF7003D1D72 /* Event.m */; };
		9BE349A819264DC9003D1D72 /* dmTournamentController.m in Sources */ = {isa = PBXBuildFile; fileRef = 9BE349A719264DC9003D1D72 /* dmTournamentController.m */; };
		9BEF7AF11941AD9300545A24 /* dmSlidingViewController.m in Sources */ = {isa = PBXBuildFile; fileRef = 9BEF7AF01941AD9300545A24 /* dmSlidingViewController.m */; };
/* End PBXBuildFile section */

/* Begin PBXContainerItemProxy section */
		6838103B18F9FC170019A61D /* PBXContainerItemProxy */ = {
			isa = PBXContainerItemProxy;
			containerPortal = 6838100A18F9FC160019A61D /* Project object */;
			proxyType = 1;
			remoteGlobalIDString = 6838101118F9FC160019A61D;
			remoteInfo = Vocxod;
		};
/* End PBXContainerItemProxy section */

/* Begin PBXFileReference section */
		68216299193FCE8300EE466F /* Images.xcassets */ = {isa = PBXFileReference; lastKnownFileType = folder.assetcatalog; path = Images.xcassets; sourceTree = "<group>"; };
		6821629E193FD72100EE466F /* dmMenuViewController.h */ = {isa = PBXFileReference; fileEncoding = 4; lastKnownFileType = sourcecode.c.h; path = dmMenuViewController.h; sourceTree = "<group>"; };
		6821629F193FD72100EE466F /* dmMenuViewController.m */ = {isa = PBXFileReference; fileEncoding = 4; lastKnownFileType = sourcecode.c.objc; path = dmMenuViewController.m; sourceTree = "<group>"; };
		682162A2193FDC5200EE466F /* dmZoomAnimationController.h */ = {isa = PBXFileReference; fileEncoding = 4; lastKnownFileType = sourcecode.c.h; path = dmZoomAnimationController.h; sourceTree = "<group>"; };
		682162A3193FDC5200EE466F /* dmZoomAnimationController.m */ = {isa = PBXFileReference; fileEncoding = 4; lastKnownFileType = sourcecode.c.objc; path = dmZoomAnimationController.m; sourceTree = "<group>"; };
		682162A6194114A700EE466F /* dmFavouritesViewController.h */ = {isa = PBXFileReference; fileEncoding = 4; lastKnownFileType = sourcecode.c.h; path = dmFavouritesViewController.h; sourceTree = "<group>"; };
		682162A7194114A700EE466F /* dmFavouritesViewController.m */ = {isa = PBXFileReference; fileEncoding = 4; lastKnownFileType = sourcecode.c.objc; path = dmFavouritesViewController.m; sourceTree = "<group>"; };
		682162AF1943AE6D00EE466F /* dmFirstScreenViewController.h */ = {isa = PBXFileReference; fileEncoding = 4; lastKnownFileType = sourcecode.c.h; path = dmFirstScreenViewController.h; sourceTree = "<group>"; };
		682162B01943AE6D00EE466F /* dmFirstScreenViewController.m */ = {isa = PBXFileReference; fileEncoding = 4; lastKnownFileType = sourcecode.c.objc; path = dmFirstScreenViewController.m; sourceTree = "<group>"; };
		682162B11943AE6D00EE466F /* dmFirstScreenViewController.xib */ = {isa = PBXFileReference; fileEncoding = 4; lastKnownFileType = file.xib; path = dmFirstScreenViewController.xib; sourceTree = "<group>"; };
		682162B51944DD2B00EE466F /* dmEventsTableViewController.h */ = {isa = PBXFileReference; fileEncoding = 4; lastKnownFileType = sourcecode.c.h; path = dmEventsTableViewController.h; sourceTree = "<group>"; };
		682162B61944DD2B00EE466F /* dmEventsTableViewController.m */ = {isa = PBXFileReference; fileEncoding = 4; lastKnownFileType = sourcecode.c.objc; path = dmEventsTableViewController.m; sourceTree = "<group>"; };
		682162BF1944F1A300EE466F /* dmModelController.h */ = {isa = PBXFileReference; fileEncoding = 4; lastKnownFileType = sourcecode.c.h; path = dmModelController.h; sourceTree = "<group>"; };
		682162C01944F1A300EE466F /* dmModelController.m */ = {isa = PBXFileReference; fileEncoding = 4; lastKnownFileType = sourcecode.c.objc; path = dmModelController.m; sourceTree = "<group>"; };
		6837D1BF19280A2D00CE4928 /* dmEventView.h */ = {isa = PBXFileReference; fileEncoding = 4; lastKnownFileType = sourcecode.c.h; path = dmEventView.h; sourceTree = "<group>"; };
		6837D1C019280A2D00CE4928 /* dmEventView.m */ = {isa = PBXFileReference; fileEncoding = 4; lastKnownFileType = sourcecode.c.objc; path = dmEventView.m; sourceTree = "<group>"; };
		6837D1C219294DAA00CE4928 /* dmLiveEventsTableViewController.h */ = {isa = PBXFileReference; fileEncoding = 4; lastKnownFileType = sourcecode.c.h; path = dmLiveEventsTableViewController.h; sourceTree = "<group>"; };
		6837D1C319294DAA00CE4928 /* dmLiveEventsTableViewController.m */ = {isa = PBXFileReference; fileEncoding = 4; lastKnownFileType = sourcecode.c.objc; path = dmLiveEventsTableViewController.m; sourceTree = "<group>"; };
		6838101218F9FC170019A61D /* Vocxod.app */ = {isa = PBXFileReference; explicitFileType = wrapper.application; includeInIndex = 0; path = Vocxod.app; sourceTree = BUILT_PRODUCTS_DIR; };
		6838101518F9FC170019A61D /* Foundation.framework */ = {isa = PBXFileReference; lastKnownFileType = wrapper.framework; name = Foundation.framework; path = System/Library/Frameworks/Foundation.framework; sourceTree = SDKROOT; };
		6838101718F9FC170019A61D /* CoreGraphics.framework */ = {isa = PBXFileReference; lastKnownFileType = wrapper.framework; name = CoreGraphics.framework; path = System/Library/Frameworks/CoreGraphics.framework; sourceTree = SDKROOT; };
		6838101918F9FC170019A61D /* UIKit.framework */ = {isa = PBXFileReference; lastKnownFileType = wrapper.framework; name = UIKit.framework; path = System/Library/Frameworks/UIKit.framework; sourceTree = SDKROOT; };
		6838101D18F9FC170019A61D /* Vocxod-Info.plist */ = {isa = PBXFileReference; lastKnownFileType = text.plist.xml; path = "Vocxod-Info.plist"; sourceTree = "<group>"; };
		6838102118F9FC170019A61D /* main.m */ = {isa = PBXFileReference; fileEncoding = 4; lastKnownFileType = sourcecode.c.objc; path = main.m; sourceTree = "<group>"; };
		6838102318F9FC170019A61D /* Vocxod-Prefix.pch */ = {isa = PBXFileReference; lastKnownFileType = sourcecode.c.h; path = "Vocxod-Prefix.pch"; sourceTree = "<group>"; };
		6838102418F9FC170019A61D /* dmAppDelegate.h */ = {isa = PBXFileReference; lastKnownFileType = sourcecode.c.h; path = dmAppDelegate.h; sourceTree = "<group>"; };
		6838102518F9FC170019A61D /* dmAppDelegate.m */ = {isa = PBXFileReference; lastKnownFileType = sourcecode.c.objc; path = dmAppDelegate.m; sourceTree = "<group>"; };
		6838102818F9FC170019A61D /* Base */ = {isa = PBXFileReference; lastKnownFileType = file.storyboard; name = Base; path = Base.lproj/Main.storyboard; sourceTree = "<group>"; };
		6838103618F9FC170019A61D /* VocxodTests.xctest */ = {isa = PBXFileReference; explicitFileType = wrapper.cfbundle; includeInIndex = 0; path = VocxodTests.xctest; sourceTree = BUILT_PRODUCTS_DIR; };
		6838103718F9FC170019A61D /* XCTest.framework */ = {isa = PBXFileReference; lastKnownFileType = wrapper.framework; name = XCTest.framework; path = Library/Frameworks/XCTest.framework; sourceTree = DEVELOPER_DIR; };
		6838103F18F9FC170019A61D /* VocxodTests-Info.plist */ = {isa = PBXFileReference; lastKnownFileType = text.plist.xml; path = "VocxodTests-Info.plist"; sourceTree = "<group>"; };
		6838104318F9FC170019A61D /* VocxodTests.m */ = {isa = PBXFileReference; lastKnownFileType = sourcecode.c.objc; path = VocxodTests.m; sourceTree = "<group>"; };
		6838105818FA9E950019A61D /* Tournaments.xcdatamodel */ = {isa = PBXFileReference; lastKnownFileType = wrapper.xcdatamodel; path = Tournaments.xcdatamodel; sourceTree = "<group>"; };
		6838105A18FB247B0019A61D /* dmSport.h */ = {isa = PBXFileReference; fileEncoding = 4; lastKnownFileType = sourcecode.c.h; path = dmSport.h; sourceTree = "<group>"; };
		6838105B18FB247B0019A61D /* dmSport.m */ = {isa = PBXFileReference; fileEncoding = 4; lastKnownFileType = sourcecode.c.objc; path = dmSport.m; sourceTree = "<group>"; };
		6838105E18FB26950019A61D /* dmAppAPIClient.h */ = {isa = PBXFileReference; fileEncoding = 4; lastKnownFileType = sourcecode.c.h; path = dmAppAPIClient.h; sourceTree = "<group>"; };
		6838105F18FB26950019A61D /* dmAppAPIClient.m */ = {isa = PBXFileReference; fileEncoding = 4; lastKnownFileType = sourcecode.c.objc; path = dmAppAPIClient.m; sourceTree = "<group>"; };
		6838106118FB3B150019A61D /* dmMainViewController.h */ = {isa = PBXFileReference; fileEncoding = 4; lastKnownFileType = sourcecode.c.h; path = dmMainViewController.h; sourceTree = "<group>"; };
		6838106218FB3B150019A61D /* dmMainViewController.m */ = {isa = PBXFileReference; fileEncoding = 4; lastKnownFileType = sourcecode.c.objc; path = dmMainViewController.m; sourceTree = "<group>"; };
		6838106E18FB41E00019A61D /* dmLineTableViewController.h */ = {isa = PBXFileReference; fileEncoding = 4; lastKnownFileType = sourcecode.c.h; path = dmLineTableViewController.h; sourceTree = "<group>"; };
		6838106F18FB41E00019A61D /* dmLineTableViewController.m */ = {isa = PBXFileReference; fileEncoding = 4; lastKnownFileType = sourcecode.c.objc; path = dmLineTableViewController.m; sourceTree = "<group>"; };
		6838107218FB45050019A61D /* dmTournament.h */ = {isa = PBXFileReference; fileEncoding = 4; lastKnownFileType = sourcecode.c.h; path = dmTournament.h; sourceTree = "<group>"; };
		6838107318FB45050019A61D /* dmTournament.m */ = {isa = PBXFileReference; fileEncoding = 4; lastKnownFileType = sourcecode.c.objc; path = dmTournament.m; sourceTree = "<group>"; };
		6838107518FBC1BD0019A61D /* dmLiveTableViewController.h */ = {isa = PBXFileReference; fileEncoding = 4; lastKnownFileType = sourcecode.c.h; path = dmLiveTableViewController.h; sourceTree = "<group>"; };
		6838107618FBC1BD0019A61D /* dmLiveTableViewController.m */ = {isa = PBXFileReference; fileEncoding = 4; lastKnownFileType = sourcecode.c.objc; path = dmLiveTableViewController.m; sourceTree = "<group>"; };
		685A62CB19279E3900EE67EF /* dmLineEventsTableViewController.h */ = {isa = PBXFileReference; fileEncoding = 4; lastKnownFileType = sourcecode.c.h; path = dmLineEventsTableViewController.h; sourceTree = "<group>"; };
		685A62CC19279E3900EE67EF /* dmLineEventsTableViewController.m */ = {isa = PBXFileReference; fileEncoding = 4; lastKnownFileType = sourcecode.c.objc; path = dmLineEventsTableViewController.m; sourceTree = "<group>"; };
		685A62CE192802F900EE67EF /* dmLineEventViewController.h */ = {isa = PBXFileReference; fileEncoding = 4; lastKnownFileType = sourcecode.c.h; path = dmLineEventViewController.h; sourceTree = "<group>"; };
		685A62CF192802F900EE67EF /* dmLineEventViewController.m */ = {isa = PBXFileReference; fileEncoding = 4; lastKnownFileType = sourcecode.c.objc; path = dmLineEventViewController.m; sourceTree = "<group>"; };
		6882F02D193FAFA60049BE28 /* dmUserSettings.h */ = {isa = PBXFileReference; fileEncoding = 4; lastKnownFileType = sourcecode.c.h; path = dmUserSettings.h; sourceTree = "<group>"; };
		6882F02E193FAFA60049BE28 /* dmUserSettings.m */ = {isa = PBXFileReference; fileEncoding = 4; lastKnownFileType = sourcecode.c.objc; path = dmUserSettings.m; sourceTree = "<group>"; };
		6885C69C19367C29003243DD /* dmCouponSingleViewCell.h */ = {isa = PBXFileReference; fileEncoding = 4; lastKnownFileType = sourcecode.c.h; path = dmCouponSingleViewCell.h; sourceTree = "<group>"; };
		6885C69D19367C29003243DD /* dmCouponSingleViewCell.m */ = {isa = PBXFileReference; fileEncoding = 4; lastKnownFileType = sourcecode.c.objc; path = dmCouponSingleViewCell.m; sourceTree = "<group>"; };
		6885C69E19367C29003243DD /* dmCouponSingleViewCell.xib */ = {isa = PBXFileReference; fileEncoding = 4; lastKnownFileType = file.xib; path = dmCouponSingleViewCell.xib; sourceTree = "<group>"; };
		688F496B19391D0300A1428E /* dmCouponMultiViewCell.h */ = {isa = PBXFileReference; fileEncoding = 4; lastKnownFileType = sourcecode.c.h; path = dmCouponMultiViewCell.h; sourceTree = "<group>"; };
		688F496C19391D0300A1428E /* dmCouponMultiViewCell.m */ = {isa = PBXFileReference; fileEncoding = 4; lastKnownFileType = sourcecode.c.objc; path = dmCouponMultiViewCell.m; sourceTree = "<group>"; };
		688F496D19391D0300A1428E /* dmCouponMultiViewCell.xib */ = {isa = PBXFileReference; fileEncoding = 4; lastKnownFileType = file.xib; path = dmCouponMultiViewCell.xib; sourceTree = "<group>"; };
		68B8C53A1931F6740005011D /* Coefficient.h */ = {isa = PBXFileReference; fileEncoding = 4; lastKnownFileType = sourcecode.c.h; path = Coefficient.h; sourceTree = "<group>"; };
		68B8C53B1931F6740005011D /* Coefficient.m */ = {isa = PBXFileReference; fileEncoding = 4; lastKnownFileType = sourcecode.c.objc; path = Coefficient.m; sourceTree = "<group>"; };
		68B8C542193210550005011D /* ru */ = {isa = PBXFileReference; lastKnownFileType = text.plist.strings; name = ru; path = ru.lproj/Main.strings; sourceTree = "<group>"; };
		68B8C546193215E70005011D /* Base */ = {isa = PBXFileReference; lastKnownFileType = text.plist.strings; name = Base; path = Base.lproj/Localizable.strings; sourceTree = "<group>"; };
		68B8C549193216030005011D /* ru */ = {isa = PBXFileReference; lastKnownFileType = text.plist.strings; name = ru; path = ru.lproj/Localizable.strings; sourceTree = "<group>"; };
		68B8C54A19321B020005011D /* en */ = {isa = PBXFileReference; lastKnownFileType = text.plist.strings; name = en; path = en.lproj/Main.strings; sourceTree = "<group>"; };
		68B8C54B19321B640005011D /* en */ = {isa = PBXFileReference; lastKnownFileType = text.plist.strings; name = en; path = en.lproj/Localizable.strings; sourceTree = "<group>"; };
		68B8C54C19329A280005011D /* Bet.h */ = {isa = PBXFileReference; fileEncoding = 4; lastKnownFileType = sourcecode.c.h; path = Bet.h; sourceTree = "<group>"; };
		68B8C54D19329A280005011D /* Bet.m */ = {isa = PBXFileReference; fileEncoding = 4; lastKnownFileType = sourcecode.c.objc; path = Bet.m; sourceTree = "<group>"; };
		68B8C54F19329CE80005011D /* dmCoupon.h */ = {isa = PBXFileReference; fileEncoding = 4; lastKnownFileType = sourcecode.c.h; path = dmCoupon.h; sourceTree = "<group>"; };
		68B8C55019329CE80005011D /* dmCoupon.m */ = {isa = PBXFileReference; fileEncoding = 4; lastKnownFileType = sourcecode.c.objc; path = dmCoupon.m; sourceTree = "<group>"; };
		68C00CE119450FB100D1310B /* dmLiveEventsTableViewCell.h */ = {isa = PBXFileReference; fileEncoding = 4; lastKnownFileType = sourcecode.c.h; path = dmLiveEventsTableViewCell.h; sourceTree = "<group>"; };
		68C00CE219450FB100D1310B /* dmLiveEventsTableViewCell.m */ = {isa = PBXFileReference; fileEncoding = 4; lastKnownFileType = sourcecode.c.objc; path = dmLiveEventsTableViewCell.m; sourceTree = "<group>"; };
		68C00CE319450FB100D1310B /* dmLiveEventsTableViewCell.xib */ = {isa = PBXFileReference; fileEncoding = 4; lastKnownFileType = file.xib; path = dmLiveEventsTableViewCell.xib; sourceTree = "<group>"; };
		68C00CE619450FD500D1310B /* dmLineEventsTableViewCell.h */ = {isa = PBXFileReference; fileEncoding = 4; lastKnownFileType = sourcecode.c.h; path = dmLineEventsTableViewCell.h; sourceTree = "<group>"; };
		68C00CE719450FD500D1310B /* dmLineEventsTableViewCell.m */ = {isa = PBXFileReference; fileEncoding = 4; lastKnownFileType = sourcecode.c.objc; path = dmLineEventsTableViewCell.m; sourceTree = "<group>"; };
		68C00CE819450FD500D1310B /* dmLineEventsTableViewCell.xib */ = {isa = PBXFileReference; fileEncoding = 4; lastKnownFileType = file.xib; path = dmLineEventsTableViewCell.xib; sourceTree = "<group>"; };
		68C00CEC194634C800D1310B /* dmTournamentsTableViewController.h */ = {isa = PBXFileReference; fileEncoding = 4; lastKnownFileType = sourcecode.c.h; path = dmTournamentsTableViewController.h; sourceTree = "<group>"; };
		68C00CED194634C800D1310B /* dmTournamentsTableViewController.m */ = {isa = PBXFileReference; fileEncoding = 4; lastKnownFileType = sourcecode.c.objc; path = dmTournamentsTableViewController.m; sourceTree = "<group>"; };
		68EE4360193A065400AD22A8 /* dmCouponItemViewController.h */ = {isa = PBXFileReference; fileEncoding = 4; lastKnownFileType = sourcecode.c.h; path = dmCouponItemViewController.h; sourceTree = "<group>"; };
		68EE4361193A065400AD22A8 /* dmCouponItemViewController.m */ = {isa = PBXFileReference; fileEncoding = 4; lastKnownFileType = sourcecode.c.objc; path = dmCouponItemViewController.m; sourceTree = "<group>"; };
		68EE4362193A065400AD22A8 /* dmCouponItemViewController.xib */ = {isa = PBXFileReference; fileEncoding = 4; lastKnownFileType = file.xib; path = dmCouponItemViewController.xib; sourceTree = "<group>"; };
		9B2D9F131934B4AF006835F4 /* dmMainSettings.h */ = {isa = PBXFileReference; fileEncoding = 4; lastKnownFileType = sourcecode.c.h; path = dmMainSettings.h; sourceTree = "<group>"; };
		9B2D9F141934B4AF006835F4 /* dmMainSettings.m */ = {isa = PBXFileReference; fileEncoding = 4; lastKnownFileType = sourcecode.c.objc; path = dmMainSettings.m; sourceTree = "<group>"; };
		9B35F3CF192CE795004135C8 /* dmLiveEventViewController.h */ = {isa = PBXFileReference; fileEncoding = 4; lastKnownFileType = sourcecode.c.h; path = dmLiveEventViewController.h; sourceTree = "<group>"; };
		9B35F3D0192CE795004135C8 /* dmLiveEventViewController.m */ = {isa = PBXFileReference; fileEncoding = 4; lastKnownFileType = sourcecode.c.objc; path = dmLiveEventViewController.m; sourceTree = "<group>"; };
		9B35F3EF192DFD78004135C8 /* dmCoefficientView.h */ = {isa = PBXFileReference; fileEncoding = 4; lastKnownFileType = sourcecode.c.h; path = dmCoefficientView.h; sourceTree = "<group>"; };
		9B35F3F0192DFD78004135C8 /* dmCoefficientView.m */ = {isa = PBXFileReference; fileEncoding = 4; lastKnownFileType = sourcecode.c.objc; path = dmCoefficientView.m; sourceTree = "<group>"; };
		9B35F3F2192E2A31004135C8 /* dmMainCoefficientsView.h */ = {isa = PBXFileReference; fileEncoding = 4; lastKnownFileType = sourcecode.c.h; path = dmMainCoefficientsView.h; sourceTree = "<group>"; };
		9B35F3F3192E2A31004135C8 /* dmMainCoefficientsView.m */ = {isa = PBXFileReference; fileEncoding = 4; lastKnownFileType = sourcecode.c.objc; path = dmMainCoefficientsView.m; sourceTree = "<group>"; };
		9B35F3F5192F3B5D004135C8 /* dmOutcomesController.h */ = {isa = PBXFileReference; fileEncoding = 4; lastKnownFileType = sourcecode.c.h; path = dmOutcomesController.h; sourceTree = "<group>"; };
		9B35F3F6192F3B5D004135C8 /* dmOutcomesController.m */ = {isa = PBXFileReference; fileEncoding = 4; lastKnownFileType = sourcecode.c.objc; path = dmOutcomesController.m; sourceTree = "<group>"; };
		9B74BDD618FBF98100D884C0 /* dmEventTableViewCell.h */ = {isa = PBXFileReference; fileEncoding = 4; lastKnownFileType = sourcecode.c.h; path = dmEventTableViewCell.h; sourceTree = "<group>"; };
		9B74BDD718FBF98100D884C0 /* dmEventTableViewCell.m */ = {isa = PBXFileReference; fileEncoding = 4; lastKnownFileType = sourcecode.c.objc; path = dmEventTableViewCell.m; sourceTree = "<group>"; };
		9BE3493B19212429003D1D72 /* dmSportController.h */ = {isa = PBXFileReference; fileEncoding = 4; lastKnownFileType = sourcecode.c.h; path = dmSportController.h; sourceTree = "<group>"; };
		9BE3493C19212429003D1D72 /* dmSportController.m */ = {isa = PBXFileReference; fileEncoding = 4; lastKnownFileType = sourcecode.c.objc; path = dmSportController.m; sourceTree = "<group>"; };
		9BE34997192384FF003D1D72 /* MBProgressHUD.h */ = {isa = PBXFileReference; fileEncoding = 4; lastKnownFileType = sourcecode.c.h; path = MBProgressHUD.h; sourceTree = "<group>"; };
		9BE34998192384FF003D1D72 /* MBProgressHUD.m */ = {isa = PBXFileReference; fileEncoding = 4; lastKnownFileType = sourcecode.c.objc; path = MBProgressHUD.m; sourceTree = "<group>"; };
		9BE349A01925215F003D1D72 /* dmTournamentTableViewCell.h */ = {isa = PBXFileReference; fileEncoding = 4; lastKnownFileType = sourcecode.c.h; path = dmTournamentTableViewCell.h; sourceTree = "<group>"; };
		9BE349A11925215F003D1D72 /* dmTournamentTableViewCell.m */ = {isa = PBXFileReference; fileEncoding = 4; lastKnownFileType = sourcecode.c.objc; path = dmTournamentTableViewCell.m; sourceTree = "<group>"; };
		9BE349A319260BF7003D1D72 /* Event.h */ = {isa = PBXFileReference; fileEncoding = 4; lastKnownFileType = sourcecode.c.h; path = Event.h; sourceTree = "<group>"; };
		9BE349A419260BF7003D1D72 /* Event.m */ = {isa = PBXFileReference; fileEncoding = 4; lastKnownFileType = sourcecode.c.objc; path = Event.m; sourceTree = "<group>"; };
		9BE349A619264DC9003D1D72 /* dmTournamentController.h */ = {isa = PBXFileReference; fileEncoding = 4; lastKnownFileType = sourcecode.c.h; path = dmTournamentController.h; sourceTree = "<group>"; };
		9BE349A719264DC9003D1D72 /* dmTournamentController.m */ = {isa = PBXFileReference; fileEncoding = 4; lastKnownFileType = sourcecode.c.objc; path = dmTournamentController.m; sourceTree = "<group>"; };
		9BEF7AEF1941AD9300545A24 /* dmSlidingViewController.h */ = {isa = PBXFileReference; fileEncoding = 4; lastKnownFileType = sourcecode.c.h; path = dmSlidingViewController.h; sourceTree = "<group>"; };
		9BEF7AF01941AD9300545A24 /* dmSlidingViewController.m */ = {isa = PBXFileReference; fileEncoding = 4; lastKnownFileType = sourcecode.c.objc; path = dmSlidingViewController.m; sourceTree = "<group>"; };
		B5EEC38CCBFC4FB2A9C5D058 /* libPods.a */ = {isa = PBXFileReference; explicitFileType = archive.ar; includeInIndex = 0; path = libPods.a; sourceTree = BUILT_PRODUCTS_DIR; };
		E10176B1DFFB4D85B3719299 /* Pods.xcconfig */ = {isa = PBXFileReference; includeInIndex = 1; lastKnownFileType = text.xcconfig; name = Pods.xcconfig; path = Pods/Pods.xcconfig; sourceTree = "<group>"; };
/* End PBXFileReference section */

/* Begin PBXFrameworksBuildPhase section */
		6838100F18F9FC160019A61D /* Frameworks */ = {
			isa = PBXFrameworksBuildPhase;
			buildActionMask = 2147483647;
			files = (
				6838101818F9FC170019A61D /* CoreGraphics.framework in Frameworks */,
				6838101A18F9FC170019A61D /* UIKit.framework in Frameworks */,
				6838101618F9FC170019A61D /* Foundation.framework in Frameworks */,
				4D781245A38342B788C896A8 /* libPods.a in Frameworks */,
			);
			runOnlyForDeploymentPostprocessing = 0;
		};
		6838103318F9FC170019A61D /* Frameworks */ = {
			isa = PBXFrameworksBuildPhase;
			buildActionMask = 2147483647;
			files = (
				6838103818F9FC170019A61D /* XCTest.framework in Frameworks */,
				6838103A18F9FC170019A61D /* UIKit.framework in Frameworks */,
				6838103918F9FC170019A61D /* Foundation.framework in Frameworks */,
			);
			runOnlyForDeploymentPostprocessing = 0;
		};
/* End PBXFrameworksBuildPhase section */

/* Begin PBXGroup section */
		682162A1193FDC1C00EE466F /* Transitions */ = {
			isa = PBXGroup;
			children = (
				682162A2193FDC5200EE466F /* dmZoomAnimationController.h */,
				682162A3193FDC5200EE466F /* dmZoomAnimationController.m */,
			);
			name = Transitions;
			sourceTree = "<group>";
		};
		682162A51941148D00EE466F /* Favourites */ = {
			isa = PBXGroup;
			children = (
				682162A6194114A700EE466F /* dmFavouritesViewController.h */,
				682162A7194114A700EE466F /* dmFavouritesViewController.m */,
			);
			name = Favourites;
			sourceTree = "<group>";
		};
		682162A91943AA1000EE466F /* FirstScreen */ = {
			isa = PBXGroup;
			children = (
				682162AF1943AE6D00EE466F /* dmFirstScreenViewController.h */,
				682162B01943AE6D00EE466F /* dmFirstScreenViewController.m */,
				682162B11943AE6D00EE466F /* dmFirstScreenViewController.xib */,
			);
			name = FirstScreen;
			sourceTree = "<group>";
		};
		682162B41944DCFD00EE466F /* EventsController */ = {
			isa = PBXGroup;
			children = (
				682162B51944DD2B00EE466F /* dmEventsTableViewController.h */,
				682162B61944DD2B00EE466F /* dmEventsTableViewController.m */,
			);
			name = EventsController;
			sourceTree = "<group>";
		};
		682162B81944DE0400EE466F /* ModelController */ = {
			isa = PBXGroup;
			children = (
				682162BF1944F1A300EE466F /* dmModelController.h */,
				682162C01944F1A300EE466F /* dmModelController.m */,
			);
			name = ModelController;
			sourceTree = "<group>";
		};
		682162B91944DE1900EE466F /* Sport */ = {
			isa = PBXGroup;
			children = (
				6838105A18FB247B0019A61D /* dmSport.h */,
				6838105B18FB247B0019A61D /* dmSport.m */,
				9BE3493B19212429003D1D72 /* dmSportController.h */,
				9BE3493C19212429003D1D72 /* dmSportController.m */,
			);
			name = Sport;
			sourceTree = "<group>";
		};
		682162BA1944DE2A00EE466F /* Tournament */ = {
			isa = PBXGroup;
			children = (
				6838107218FB45050019A61D /* dmTournament.h */,
				6838107318FB45050019A61D /* dmTournament.m */,
				9BE349A619264DC9003D1D72 /* dmTournamentController.h */,
				9BE349A719264DC9003D1D72 /* dmTournamentController.m */,
			);
			name = Tournament;
			sourceTree = "<group>";
		};
		682162BB1944DE3B00EE466F /* Event */ = {
			isa = PBXGroup;
			children = (
				9BE349A319260BF7003D1D72 /* Event.h */,
				9BE349A419260BF7003D1D72 /* Event.m */,
			);
			name = Event;
			sourceTree = "<group>";
		};
		682162BC1944DE4F00EE466F /* Coefficient */ = {
			isa = PBXGroup;
			children = (
				68B8C53A1931F6740005011D /* Coefficient.h */,
				68B8C53B1931F6740005011D /* Coefficient.m */,
			);
			name = Coefficient;
			sourceTree = "<group>";
		};
		682162BD1944DE6400EE466F /* Outcomes */ = {
			isa = PBXGroup;
			children = (
				9B35F3F5192F3B5D004135C8 /* dmOutcomesController.h */,
				9B35F3F6192F3B5D004135C8 /* dmOutcomesController.m */,
			);
			name = Outcomes;
			sourceTree = "<group>";
		};
		682162BE1944DE6E00EE466F /* Bet */ = {
			isa = PBXGroup;
			children = (
				68B8C54C19329A280005011D /* Bet.h */,
				68B8C54D19329A280005011D /* Bet.m */,
			);
			name = Bet;
			sourceTree = "<group>";
		};
		6838100918F9FC160019A61D = {
			isa = PBXGroup;
			children = (
				6838101B18F9FC170019A61D /* Vocxod */,
				6838103D18F9FC170019A61D /* VocxodTests */,
				6838101418F9FC170019A61D /* Frameworks */,
				6838101318F9FC170019A61D /* Products */,
				E10176B1DFFB4D85B3719299 /* Pods.xcconfig */,
			);
			sourceTree = "<group>";
		};
		6838101318F9FC170019A61D /* Products */ = {
			isa = PBXGroup;
			children = (
				6838101218F9FC170019A61D /* Vocxod.app */,
				6838103618F9FC170019A61D /* VocxodTests.xctest */,
			);
			name = Products;
			sourceTree = "<group>";
		};
		6838101418F9FC170019A61D /* Frameworks */ = {
			isa = PBXGroup;
			children = (
				6838101518F9FC170019A61D /* Foundation.framework */,
				6838101718F9FC170019A61D /* CoreGraphics.framework */,
				6838101918F9FC170019A61D /* UIKit.framework */,
				6838103718F9FC170019A61D /* XCTest.framework */,
				B5EEC38CCBFC4FB2A9C5D058 /* libPods.a */,
			);
			name = Frameworks;
			sourceTree = "<group>";
		};
		6838101B18F9FC170019A61D /* Vocxod */ = {
			isa = PBXGroup;
			children = (
				9BE349951923848C003D1D72 /* Vendor */,
				9B35F3D2192CECD5004135C8 /* Resources */,
				9B74BDD518FBF93A00D884C0 /* Views */,
				6838105D18FB26650019A61D /* Network */,
				6838105018FA00F00019A61D /* Sources */,
				6838104E18FA00990019A61D /* Models */,
				6838104D18FA00870019A61D /* Classes */,
				6838101C18F9FC170019A61D /* Supporting Files */,
			);
			path = Vocxod;
			sourceTree = "<group>";
		};
		6838101C18F9FC170019A61D /* Supporting Files */ = {
			isa = PBXGroup;
			children = (
				6838101D18F9FC170019A61D /* Vocxod-Info.plist */,
				68B8C547193215E70005011D /* Localizable.strings */,
				6838102118F9FC170019A61D /* main.m */,
				6838102318F9FC170019A61D /* Vocxod-Prefix.pch */,
			);
			name = "Supporting Files";
			sourceTree = "<group>";
		};
		6838103D18F9FC170019A61D /* VocxodTests */ = {
			isa = PBXGroup;
			children = (
				6838104318F9FC170019A61D /* VocxodTests.m */,
				6838103E18F9FC170019A61D /* Supporting Files */,
			);
			path = VocxodTests;
			sourceTree = "<group>";
		};
		6838103E18F9FC170019A61D /* Supporting Files */ = {
			isa = PBXGroup;
			children = (
				6838103F18F9FC170019A61D /* VocxodTests-Info.plist */,
			);
			name = "Supporting Files";
			sourceTree = "<group>";
		};
		6838104D18FA00870019A61D /* Classes */ = {
			isa = PBXGroup;
			children = (
				68C00CEB1946349700D1310B /* TournamentsController */,
				682162B41944DCFD00EE466F /* EventsController */,
				682162A91943AA1000EE466F /* FirstScreen */,
				9BEF7AF21941AE4300545A24 /* Main */,
				9BEF7AEE1941AD7100545A24 /* Menu */,
				682162A51941148D00EE466F /* Favourites */,
				9BA8BCEF194097F4006FC42B /* Coupon */,
				9BA8BCEE194097DD006FC42B /* Live */,
				9BA8BCED194097B1006FC42B /* Prematch */,
				682162A1193FDC1C00EE466F /* Transitions */,
				6838102418F9FC170019A61D /* dmAppDelegate.h */,
				6838102518F9FC170019A61D /* dmAppDelegate.m */,
				6882F02D193FAFA60049BE28 /* dmUserSettings.h */,
				6882F02E193FAFA60049BE28 /* dmUserSettings.m */,
			);
			name = Classes;
			sourceTree = "<group>";
		};
		6838104E18FA00990019A61D /* Models */ = {
			isa = PBXGroup;
			children = (
				68C00CDF1945028700D1310B /* Coupon */,
				682162BE1944DE6E00EE466F /* Bet */,
				682162BD1944DE6400EE466F /* Outcomes */,
				682162BC1944DE4F00EE466F /* Coefficient */,
				682162BB1944DE3B00EE466F /* Event */,
				682162BA1944DE2A00EE466F /* Tournament */,
				682162B91944DE1900EE466F /* Sport */,
				682162B81944DE0400EE466F /* ModelController */,
				6838105718FA9E950019A61D /* Tournaments.xcdatamodeld */,
				9B2D9F131934B4AF006835F4 /* dmMainSettings.h */,
				9B2D9F141934B4AF006835F4 /* dmMainSettings.m */,
			);
			name = Models;
			sourceTree = "<group>";
		};
		6838105018FA00F00019A61D /* Sources */ = {
			isa = PBXGroup;
			children = (
				68216299193FCE8300EE466F /* Images.xcassets */,
				6838102718F9FC170019A61D /* Main.storyboard */,
			);
			name = Sources;
			sourceTree = "<group>";
		};
		6838105D18FB26650019A61D /* Network */ = {
			isa = PBXGroup;
			children = (
				6838105E18FB26950019A61D /* dmAppAPIClient.h */,
				6838105F18FB26950019A61D /* dmAppAPIClient.m */,
			);
			name = Network;
			sourceTree = "<group>";
		};
		6885C69B19367BE1003243DD /* Coupon */ = {
			isa = PBXGroup;
			children = (
				6885C69C19367C29003243DD /* dmCouponSingleViewCell.h */,
				6885C69D19367C29003243DD /* dmCouponSingleViewCell.m */,
				6885C69E19367C29003243DD /* dmCouponSingleViewCell.xib */,
				688F496B19391D0300A1428E /* dmCouponMultiViewCell.h */,
				688F496C19391D0300A1428E /* dmCouponMultiViewCell.m */,
				688F496D19391D0300A1428E /* dmCouponMultiViewCell.xib */,
			);
			name = Coupon;
			sourceTree = "<group>";
		};
		68C00CDF1945028700D1310B /* Coupon */ = {
			isa = PBXGroup;
			children = (
				68B8C54F19329CE80005011D /* dmCoupon.h */,
				68B8C55019329CE80005011D /* dmCoupon.m */,
			);
			name = Coupon;
			sourceTree = "<group>";
		};
		68C00CE019450F4F00D1310B /* Events */ = {
			isa = PBXGroup;
			children = (
				68C00CE119450FB100D1310B /* dmLiveEventsTableViewCell.h */,
				68C00CE219450FB100D1310B /* dmLiveEventsTableViewCell.m */,
				68C00CE319450FB100D1310B /* dmLiveEventsTableViewCell.xib */,
				68C00CE619450FD500D1310B /* dmLineEventsTableViewCell.h */,
				68C00CE719450FD500D1310B /* dmLineEventsTableViewCell.m */,
				68C00CE819450FD500D1310B /* dmLineEventsTableViewCell.xib */,
			);
			name = Events;
			sourceTree = "<group>";
		};
		68C00CEB1946349700D1310B /* TournamentsController */ = {
			isa = PBXGroup;
			children = (
				68C00CEC194634C800D1310B /* dmTournamentsTableViewController.h */,
				68C00CED194634C800D1310B /* dmTournamentsTableViewController.m */,
			);
			name = TournamentsController;
			sourceTree = "<group>";
		};
		68C00CEF1946358800D1310B /* Tournaments */ = {
			isa = PBXGroup;
			children = (
				9BE349A01925215F003D1D72 /* dmTournamentTableViewCell.h */,
				9BE349A11925215F003D1D72 /* dmTournamentTableViewCell.m */,
			);
			name = Tournaments;
			sourceTree = "<group>";
		};
		9B35F3D2192CECD5004135C8 /* Resources */ = {
			isa = PBXGroup;
			children = (
				9B35F3D3192CECDC004135C8 /* Images */,
			);
			name = Resources;
			sourceTree = "<group>";
		};
		9B35F3D3192CECDC004135C8 /* Images */ = {
			isa = PBXGroup;
			children = (
			);
			name = Images;
			sourceTree = "<group>";
		};
		9B35F3E7192DF1B3004135C8 /* Coefficients */ = {
			isa = PBXGroup;
			children = (
				9B35F3EF192DFD78004135C8 /* dmCoefficientView.h */,
				9B35F3F0192DFD78004135C8 /* dmCoefficientView.m */,
				9B35F3F2192E2A31004135C8 /* dmMainCoefficientsView.h */,
				9B35F3F3192E2A31004135C8 /* dmMainCoefficientsView.m */,
			);
			name = Coefficients;
			sourceTree = "<group>";
		};
		9B74BDD518FBF93A00D884C0 /* Views */ = {
			isa = PBXGroup;
			children = (
				68C00CEF1946358800D1310B /* Tournaments */,
				68C00CE019450F4F00D1310B /* Events */,
				6885C69B19367BE1003243DD /* Coupon */,
				9B35F3E7192DF1B3004135C8 /* Coefficients */,
				9B74BDD618FBF98100D884C0 /* dmEventTableViewCell.h */,
				9B74BDD718FBF98100D884C0 /* dmEventTableViewCell.m */,
				6837D1BF19280A2D00CE4928 /* dmEventView.h */,
				6837D1C019280A2D00CE4928 /* dmEventView.m */,
			);
			name = Views;
			sourceTree = "<group>";
		};
		9BA8BCED194097B1006FC42B /* Prematch */ = {
			isa = PBXGroup;
			children = (
				6838106E18FB41E00019A61D /* dmLineTableViewController.h */,
				6838106F18FB41E00019A61D /* dmLineTableViewController.m */,
				685A62CE192802F900EE67EF /* dmLineEventViewController.h */,
				685A62CF192802F900EE67EF /* dmLineEventViewController.m */,
				685A62CB19279E3900EE67EF /* dmLineEventsTableViewController.h */,
				685A62CC19279E3900EE67EF /* dmLineEventsTableViewController.m */,
			);
			name = Prematch;
			sourceTree = "<group>";
		};
		9BA8BCEE194097DD006FC42B /* Live */ = {
			isa = PBXGroup;
			children = (
				6838107518FBC1BD0019A61D /* dmLiveTableViewController.h */,
				6838107618FBC1BD0019A61D /* dmLiveTableViewController.m */,
				9B35F3CF192CE795004135C8 /* dmLiveEventViewController.h */,
				9B35F3D0192CE795004135C8 /* dmLiveEventViewController.m */,
				6837D1C219294DAA00CE4928 /* dmLiveEventsTableViewController.h */,
				6837D1C319294DAA00CE4928 /* dmLiveEventsTableViewController.m */,
			);
			name = Live;
			sourceTree = "<group>";
		};
		9BA8BCEF194097F4006FC42B /* Coupon */ = {
			isa = PBXGroup;
			children = (
				68EE4360193A065400AD22A8 /* dmCouponItemViewController.h */,
				68EE4361193A065400AD22A8 /* dmCouponItemViewController.m */,
				68EE4362193A065400AD22A8 /* dmCouponItemViewController.xib */,
			);
			name = Coupon;
			sourceTree = "<group>";
		};
		9BE349951923848C003D1D72 /* Vendor */ = {
			isa = PBXGroup;
			children = (
				9BE3499619238496003D1D72 /* MBProgressHUD */,
			);
			name = Vendor;
			path = ..;
			sourceTree = "<group>";
		};
		9BE3499619238496003D1D72 /* MBProgressHUD */ = {
			isa = PBXGroup;
			children = (
				9BE34997192384FF003D1D72 /* MBProgressHUD.h */,
				9BE34998192384FF003D1D72 /* MBProgressHUD.m */,
			);
			name = MBProgressHUD;
			sourceTree = "<group>";
		};
		9BEF7AEE1941AD7100545A24 /* Menu */ = {
			isa = PBXGroup;
			children = (
				6821629E193FD72100EE466F /* dmMenuViewController.h */,
				9BEF7AEF1941AD9300545A24 /* dmSlidingViewController.h */,
				9BEF7AF01941AD9300545A24 /* dmSlidingViewController.m */,
				6821629F193FD72100EE466F /* dmMenuViewController.m */,
			);
			name = Menu;
			sourceTree = "<group>";
		};
		9BEF7AF21941AE4300545A24 /* Main */ = {
			isa = PBXGroup;
			children = (
				6838106118FB3B150019A61D /* dmMainViewController.h */,
				6838106218FB3B150019A61D /* dmMainViewController.m */,
			);
			name = Main;
			sourceTree = "<group>";
		};
/* End PBXGroup section */

/* Begin PBXNativeTarget section */
		6838101118F9FC160019A61D /* Vocxod */ = {
			isa = PBXNativeTarget;
			buildConfigurationList = 6838104718F9FC170019A61D /* Build configuration list for PBXNativeTarget "Vocxod" */;
			buildPhases = (
				1AAEB316F4DB401E89B6FDB7 /* Check Pods Manifest.lock */,
				6838100E18F9FC160019A61D /* Sources */,
				6838100F18F9FC160019A61D /* Frameworks */,
				6838101018F9FC160019A61D /* Resources */,
				C703300AF2B240BB9AA902C2 /* Copy Pods Resources */,
			);
			buildRules = (
			);
			dependencies = (
			);
			name = Vocxod;
			productName = Vocxod;
			productReference = 6838101218F9FC170019A61D /* Vocxod.app */;
			productType = "com.apple.product-type.application";
		};
		6838103518F9FC170019A61D /* VocxodTests */ = {
			isa = PBXNativeTarget;
			buildConfigurationList = 6838104A18F9FC170019A61D /* Build configuration list for PBXNativeTarget "VocxodTests" */;
			buildPhases = (
				6838103218F9FC170019A61D /* Sources */,
				6838103318F9FC170019A61D /* Frameworks */,
				6838103418F9FC170019A61D /* Resources */,
			);
			buildRules = (
			);
			dependencies = (
				6838103C18F9FC170019A61D /* PBXTargetDependency */,
			);
			name = VocxodTests;
			productName = VocxodTests;
			productReference = 6838103618F9FC170019A61D /* VocxodTests.xctest */;
			productType = "com.apple.product-type.bundle.unit-test";
		};
/* End PBXNativeTarget section */

/* Begin PBXProject section */
		6838100A18F9FC160019A61D /* Project object */ = {
			isa = PBXProject;
			attributes = {
				CLASSPREFIX = dm;
				LastUpgradeCheck = 0510;
				ORGANIZATIONNAME = DmitryCo;
				TargetAttributes = {
					6838103518F9FC170019A61D = {
						TestTargetID = 6838101118F9FC160019A61D;
					};
				};
			};
			buildConfigurationList = 6838100D18F9FC160019A61D /* Build configuration list for PBXProject "Vocxod" */;
			compatibilityVersion = "Xcode 3.2";
			developmentRegion = English;
			hasScannedForEncodings = 0;
			knownRegions = (
				en,
				Base,
				ru,
			);
			mainGroup = 6838100918F9FC160019A61D;
			productRefGroup = 6838101318F9FC170019A61D /* Products */;
			projectDirPath = "";
			projectRoot = "";
			targets = (
				6838101118F9FC160019A61D /* Vocxod */,
				6838103518F9FC170019A61D /* VocxodTests */,
			);
		};
/* End PBXProject section */

/* Begin PBXResourcesBuildPhase section */
		6838101018F9FC160019A61D /* Resources */ = {
			isa = PBXResourcesBuildPhase;
			buildActionMask = 2147483647;
			files = (
				68C00CEA19450FD500D1310B /* dmLineEventsTableViewCell.xib in Resources */,
				68EE4364193A065400AD22A8 /* dmCouponItemViewController.xib in Resources */,
				6885C6A019367C29003243DD /* dmCouponSingleViewCell.xib in Resources */,
				682162B31943AE6D00EE466F /* dmFirstScreenViewController.xib in Resources */,
				6838102918F9FC170019A61D /* Main.storyboard in Resources */,
				6821629A193FCE8300EE466F /* Images.xcassets in Resources */,
				68B8C545193215E70005011D /* Localizable.strings in Resources */,
				688F496F19391D0300A1428E /* dmCouponMultiViewCell.xib in Resources */,
				68C00CE519450FB100D1310B /* dmLiveEventsTableViewCell.xib in Resources */,
			);
			runOnlyForDeploymentPostprocessing = 0;
		};
		6838103418F9FC170019A61D /* Resources */ = {
			isa = PBXResourcesBuildPhase;
			buildActionMask = 2147483647;
			files = (
			);
			runOnlyForDeploymentPostprocessing = 0;
		};
/* End PBXResourcesBuildPhase section */

/* Begin PBXShellScriptBuildPhase section */
		1AAEB316F4DB401E89B6FDB7 /* Check Pods Manifest.lock */ = {
			isa = PBXShellScriptBuildPhase;
			buildActionMask = 2147483647;
			files = (
			);
			inputPaths = (
			);
			name = "Check Pods Manifest.lock";
			outputPaths = (
			);
			runOnlyForDeploymentPostprocessing = 0;
			shellPath = /bin/sh;
			shellScript = "diff \"${PODS_ROOT}/../Podfile.lock\" \"${PODS_ROOT}/Manifest.lock\" > /dev/null\nif [[ $? != 0 ]] ; then\n    cat << EOM\nerror: The sandbox is not in sync with the Podfile.lock. Run 'pod install' or update your CocoaPods installation.\nEOM\n    exit 1\nfi\n";
			showEnvVarsInLog = 0;
		};
		C703300AF2B240BB9AA902C2 /* Copy Pods Resources */ = {
			isa = PBXShellScriptBuildPhase;
			buildActionMask = 2147483647;
			files = (
			);
			inputPaths = (
			);
			name = "Copy Pods Resources";
			outputPaths = (
			);
			runOnlyForDeploymentPostprocessing = 0;
			shellPath = /bin/sh;
			shellScript = "\"${SRCROOT}/Pods/Pods-resources.sh\"\n";
			showEnvVarsInLog = 0;
		};
/* End PBXShellScriptBuildPhase section */

/* Begin PBXSourcesBuildPhase section */
		6838100E18F9FC160019A61D /* Sources */ = {
			isa = PBXSourcesBuildPhase;
			buildActionMask = 2147483647;
			files = (
				9BEF7AF11941AD9300545A24 /* dmSlidingViewController.m in Sources */,
				9B2D9F151934B4AF006835F4 /* dmMainSettings.m in Sources */,
				9BE3493D19212429003D1D72 /* dmSportController.m in Sources */,
				68B8C55119329CE80005011D /* dmCoupon.m in Sources */,
				6838102218F9FC170019A61D /* main.m in Sources */,
				682162B21943AE6D00EE466F /* dmFirstScreenViewController.m in Sources */,
				682162B71944DD2B00EE466F /* dmEventsTableViewController.m in Sources */,
				6882F02F193FAFA60049BE28 /* dmUserSettings.m in Sources */,
				9B35F3F1192DFD78004135C8 /* dmCoefficientView.m in Sources */,
				6885C69F19367C29003243DD /* dmCouponSingleViewCell.m in Sources */,
				68B8C53C1931F6740005011D /* Coefficient.m in Sources */,
				685A62CD19279E3900EE67EF /* dmLineEventsTableViewController.m in Sources */,
				6838107718FBC1BD0019A61D /* dmLiveTableViewController.m in Sources */,
				9B74BDD818FBF98100D884C0 /* dmEventTableViewCell.m in Sources */,
				68B8C54E19329A280005011D /* Bet.m in Sources */,
				688F496E19391D0300A1428E /* dmCouponMultiViewCell.m in Sources */,
				9B35F3F4192E2A31004135C8 /* dmMainCoefficientsView.m in Sources */,
				6837D1C419294DAA00CE4928 /* dmLiveEventsTableViewController.m in Sources */,
				9BE349A519260BF7003D1D72 /* Event.m in Sources */,
				6838107018FB41E00019A61D /* dmLineTableViewController.m in Sources */,
				9BE34999192384FF003D1D72 /* MBProgressHUD.m in Sources */,
				682162C11944F1A300EE466F /* dmModelController.m in Sources */,
				682162A4193FDC5200EE466F /* dmZoomAnimationController.m in Sources */,
				9BE349A819264DC9003D1D72 /* dmTournamentController.m in Sources */,
				68EE4363193A065400AD22A8 /* dmCouponItemViewController.m in Sources */,
				6838107418FB45050019A61D /* dmTournament.m in Sources */,
				68C00CEE194634C800D1310B /* dmTournamentsTableViewController.m in Sources */,
				6838102618F9FC170019A61D /* dmAppDelegate.m in Sources */,
				68C00CE419450FB100D1310B /* dmLiveEventsTableViewCell.m in Sources */,
				682162A0193FD72100EE466F /* dmMenuViewController.m in Sources */,
				9BE349A21925215F003D1D72 /* dmTournamentTableViewCell.m in Sources */,
				9B35F3D1192CE795004135C8 /* dmLiveEventViewController.m in Sources */,
				68C00CE919450FD500D1310B /* dmLineEventsTableViewCell.m in Sources */,
				6838105C18FB247B0019A61D /* dmSport.m in Sources */,
				9B35F3F7192F3B5D004135C8 /* dmOutcomesController.m in Sources */,
				6838105918FA9E950019A61D /* Tournaments.xcdatamodeld in Sources */,
				685A62D0192802F900EE67EF /* dmLineEventViewController.m in Sources */,
				6838106018FB26950019A61D /* dmAppAPIClient.m in Sources */,
				6838106318FB3B150019A61D /* dmMainViewController.m in Sources */,
				6837D1C119280A2D00CE4928 /* dmEventView.m in Sources */,
				682162A8194114A700EE466F /* dmFavouritesViewController.m in Sources */,
			);
			runOnlyForDeploymentPostprocessing = 0;
		};
		6838103218F9FC170019A61D /* Sources */ = {
			isa = PBXSourcesBuildPhase;
			buildActionMask = 2147483647;
			files = (
				6838104418F9FC170019A61D /* VocxodTests.m in Sources */,
			);
			runOnlyForDeploymentPostprocessing = 0;
		};
/* End PBXSourcesBuildPhase section */

/* Begin PBXTargetDependency section */
		6838103C18F9FC170019A61D /* PBXTargetDependency */ = {
			isa = PBXTargetDependency;
			target = 6838101118F9FC160019A61D /* Vocxod */;
			targetProxy = 6838103B18F9FC170019A61D /* PBXContainerItemProxy */;
		};
/* End PBXTargetDependency section */

/* Begin PBXVariantGroup section */
		6838102718F9FC170019A61D /* Main.storyboard */ = {
			isa = PBXVariantGroup;
			children = (
				6838102818F9FC170019A61D /* Base */,
				68B8C542193210550005011D /* ru */,
				68B8C54A19321B020005011D /* en */,
			);
			name = Main.storyboard;
			sourceTree = "<group>";
		};
		68B8C547193215E70005011D /* Localizable.strings */ = {
			isa = PBXVariantGroup;
			children = (
				68B8C546193215E70005011D /* Base */,
				68B8C549193216030005011D /* ru */,
				68B8C54B19321B640005011D /* en */,
			);
			name = Localizable.strings;
			sourceTree = "<group>";
		};
/* End PBXVariantGroup section */

/* Begin XCBuildConfiguration section */
		6838104518F9FC170019A61D /* Debug */ = {
			isa = XCBuildConfiguration;
			buildSettings = {
				ALWAYS_SEARCH_USER_PATHS = NO;
				CLANG_CXX_LANGUAGE_STANDARD = "gnu++0x";
				CLANG_CXX_LIBRARY = "libc++";
				CLANG_ENABLE_MODULES = YES;
				CLANG_ENABLE_OBJC_ARC = YES;
				CLANG_WARN_BOOL_CONVERSION = YES;
				CLANG_WARN_CONSTANT_CONVERSION = YES;
				CLANG_WARN_DIRECT_OBJC_ISA_USAGE = YES_ERROR;
				CLANG_WARN_EMPTY_BODY = YES;
				CLANG_WARN_ENUM_CONVERSION = YES;
				CLANG_WARN_INT_CONVERSION = YES;
				CLANG_WARN_OBJC_ROOT_CLASS = YES_ERROR;
				CLANG_WARN__DUPLICATE_METHOD_MATCH = YES;
				"CODE_SIGN_IDENTITY[sdk=iphoneos*]" = "iPhone Developer";
				COPY_PHASE_STRIP = NO;
				GCC_C_LANGUAGE_STANDARD = gnu99;
				GCC_DYNAMIC_NO_PIC = NO;
				GCC_OPTIMIZATION_LEVEL = 0;
				GCC_PREPROCESSOR_DEFINITIONS = (
					"DEBUG=1",
					"$(inherited)",
				);
				GCC_SYMBOLS_PRIVATE_EXTERN = NO;
				GCC_WARN_64_TO_32_BIT_CONVERSION = YES;
				GCC_WARN_ABOUT_RETURN_TYPE = YES_ERROR;
				GCC_WARN_UNDECLARED_SELECTOR = YES;
				GCC_WARN_UNINITIALIZED_AUTOS = YES_AGGRESSIVE;
				GCC_WARN_UNUSED_FUNCTION = YES;
				GCC_WARN_UNUSED_VARIABLE = YES;
				IPHONEOS_DEPLOYMENT_TARGET = 7.1;
				ONLY_ACTIVE_ARCH = YES;
				SDKROOT = iphoneos;
			};
			name = Debug;
		};
		6838104618F9FC170019A61D /* Release */ = {
			isa = XCBuildConfiguration;
			buildSettings = {
				ALWAYS_SEARCH_USER_PATHS = NO;
				CLANG_CXX_LANGUAGE_STANDARD = "gnu++0x";
				CLANG_CXX_LIBRARY = "libc++";
				CLANG_ENABLE_MODULES = YES;
				CLANG_ENABLE_OBJC_ARC = YES;
				CLANG_WARN_BOOL_CONVERSION = YES;
				CLANG_WARN_CONSTANT_CONVERSION = YES;
				CLANG_WARN_DIRECT_OBJC_ISA_USAGE = YES_ERROR;
				CLANG_WARN_EMPTY_BODY = YES;
				CLANG_WARN_ENUM_CONVERSION = YES;
				CLANG_WARN_INT_CONVERSION = YES;
				CLANG_WARN_OBJC_ROOT_CLASS = YES_ERROR;
				CLANG_WARN__DUPLICATE_METHOD_MATCH = YES;
				"CODE_SIGN_IDENTITY[sdk=iphoneos*]" = "iPhone Developer";
				COPY_PHASE_STRIP = YES;
				ENABLE_NS_ASSERTIONS = NO;
				GCC_C_LANGUAGE_STANDARD = gnu99;
				GCC_WARN_64_TO_32_BIT_CONVERSION = YES;
				GCC_WARN_ABOUT_RETURN_TYPE = YES_ERROR;
				GCC_WARN_UNDECLARED_SELECTOR = YES;
				GCC_WARN_UNINITIALIZED_AUTOS = YES_AGGRESSIVE;
				GCC_WARN_UNUSED_FUNCTION = YES;
				GCC_WARN_UNUSED_VARIABLE = YES;
				IPHONEOS_DEPLOYMENT_TARGET = 7.1;
				SDKROOT = iphoneos;
				VALIDATE_PRODUCT = YES;
			};
			name = Release;
		};
		6838104818F9FC170019A61D /* Debug */ = {
			isa = XCBuildConfiguration;
			baseConfigurationReference = E10176B1DFFB4D85B3719299 /* Pods.xcconfig */;
			buildSettings = {
				ASSETCATALOG_COMPILER_APPICON_NAME = AppIcon;
				ASSETCATALOG_COMPILER_LAUNCHIMAGE_NAME = LaunchImage;
				GCC_PRECOMPILE_PREFIX_HEADER = YES;
				GCC_PREFIX_HEADER = "Vocxod/Vocxod-Prefix.pch";
				INFOPLIST_FILE = "Vocxod/Vocxod-Info.plist";
				PRODUCT_NAME = "$(TARGET_NAME)";
				WRAPPER_EXTENSION = app;
			};
			name = Debug;
		};
		6838104918F9FC170019A61D /* Release */ = {
			isa = XCBuildConfiguration;
			baseConfigurationReference = E10176B1DFFB4D85B3719299 /* Pods.xcconfig */;
			buildSettings = {
				ASSETCATALOG_COMPILER_APPICON_NAME = AppIcon;
				ASSETCATALOG_COMPILER_LAUNCHIMAGE_NAME = LaunchImage;
				GCC_PRECOMPILE_PREFIX_HEADER = YES;
				GCC_PREFIX_HEADER = "Vocxod/Vocxod-Prefix.pch";
				INFOPLIST_FILE = "Vocxod/Vocxod-Info.plist";
				PRODUCT_NAME = "$(TARGET_NAME)";
				WRAPPER_EXTENSION = app;
			};
			name = Release;
		};
		6838104B18F9FC170019A61D /* Debug */ = {
			isa = XCBuildConfiguration;
			buildSettings = {
				BUNDLE_LOADER = "$(BUILT_PRODUCTS_DIR)/Vocxod.app/Vocxod";
				FRAMEWORK_SEARCH_PATHS = (
					"$(SDKROOT)/Developer/Library/Frameworks",
					"$(inherited)",
					"$(DEVELOPER_FRAMEWORKS_DIR)",
				);
				GCC_PRECOMPILE_PREFIX_HEADER = YES;
				GCC_PREFIX_HEADER = "Vocxod/Vocxod-Prefix.pch";
				GCC_PREPROCESSOR_DEFINITIONS = (
					"DEBUG=1",
					"$(inherited)",
				);
				INFOPLIST_FILE = "VocxodTests/VocxodTests-Info.plist";
				PRODUCT_NAME = "$(TARGET_NAME)";
				TEST_HOST = "$(BUNDLE_LOADER)";
				WRAPPER_EXTENSION = xctest;
			};
			name = Debug;
		};
		6838104C18F9FC170019A61D /* Release */ = {
			isa = XCBuildConfiguration;
			buildSettings = {
				BUNDLE_LOADER = "$(BUILT_PRODUCTS_DIR)/Vocxod.app/Vocxod";
				FRAMEWORK_SEARCH_PATHS = (
					"$(SDKROOT)/Developer/Library/Frameworks",
					"$(inherited)",
					"$(DEVELOPER_FRAMEWORKS_DIR)",
				);
				GCC_PRECOMPILE_PREFIX_HEADER = YES;
				GCC_PREFIX_HEADER = "Vocxod/Vocxod-Prefix.pch";
				INFOPLIST_FILE = "VocxodTests/VocxodTests-Info.plist";
				PRODUCT_NAME = "$(TARGET_NAME)";
				TEST_HOST = "$(BUNDLE_LOADER)";
				WRAPPER_EXTENSION = xctest;
			};
			name = Release;
		};
/* End XCBuildConfiguration section */

/* Begin XCConfigurationList section */
		6838100D18F9FC160019A61D /* Build configuration list for PBXProject "Vocxod" */ = {
			isa = XCConfigurationList;
			buildConfigurations = (
				6838104518F9FC170019A61D /* Debug */,
				6838104618F9FC170019A61D /* Release */,
			);
			defaultConfigurationIsVisible = 0;
			defaultConfigurationName = Release;
		};
		6838104718F9FC170019A61D /* Build configuration list for PBXNativeTarget "Vocxod" */ = {
			isa = XCConfigurationList;
			buildConfigurations = (
				6838104818F9FC170019A61D /* Debug */,
				6838104918F9FC170019A61D /* Release */,
			);
			defaultConfigurationIsVisible = 0;
			defaultConfigurationName = Release;
		};
		6838104A18F9FC170019A61D /* Build configuration list for PBXNativeTarget "VocxodTests" */ = {
			isa = XCConfigurationList;
			buildConfigurations = (
				6838104B18F9FC170019A61D /* Debug */,
				6838104C18F9FC170019A61D /* Release */,
			);
			defaultConfigurationIsVisible = 0;
			defaultConfigurationName = Release;
		};
/* End XCConfigurationList section */

/* Begin XCVersionGroup section */
		6838105718FA9E950019A61D /* Tournaments.xcdatamodeld */ = {
			isa = XCVersionGroup;
			children = (
				6838105818FA9E950019A61D /* Tournaments.xcdatamodel */,
			);
			currentVersion = 6838105818FA9E950019A61D /* Tournaments.xcdatamodel */;
			path = Tournaments.xcdatamodeld;
			sourceTree = "<group>";
			versionGroupType = wrapper.xcdatamodel;
		};
/* End XCVersionGroup section */
	};
	rootObject = 6838100A18F9FC160019A61D /* Project object */;
}
